
Microsoft Visual Studio Solution File, Format Version 12.00
# Visual Studio Version 17
VisualStudioVersion = 17.4.33205.214
MinimumVisualStudioVersion = 10.0.40219.1
Project("{9A19103F-16F7-4668-BE54-9A1E7A4F7556}") = "Updater", "Updater\Updater.csproj", "{2F1EEA54-EB57-4455-A2FD-2A9D7543753D}"
EndProject
Project("{9A19103F-16F7-4668-BE54-9A1E7A4F7556}") = "CookInformationViewer", "CookInformationViewer\CookInformationViewer.csproj", "{A5A55860-D4C1-4369-B652-0B1F3AA47FCE}"
EndProject
Project("{2150E333-8FDC-42A3-9474-1A3956D46DE8}") = "UpdateLogs", "UpdateLogs", "{5D998BDD-0DD9-42F9-99E7-4A5DF64CE966}"
	ProjectSection(SolutionItems) = preProject
		UpdateLogs\notice.en.xml = UpdateLogs\notice.en.xml
		UpdateLogs\notice.ja.xml = UpdateLogs\notice.ja.xml
		UpdateLogs\updates.en.xml = UpdateLogs\updates.en.xml
		UpdateLogs\updates.ja.xml = UpdateLogs\updates.ja.xml
	EndProjectSection
EndProject
Global
	GlobalSection(SolutionConfigurationPlatforms) = preSolution
		Debug Log|Any CPU = Debug Log|Any CPU
		Debug|Any CPU = Debug|Any CPU
		Release|Any CPU = Release|Any CPU
	EndGlobalSection
	GlobalSection(ProjectConfigurationPlatforms) = postSolution
		{2F1EEA54-EB57-4455-A2FD-2A9D7543753D}.Debug Log|Any CPU.ActiveCfg = Debug Log|Any CPU
		{2F1EEA54-EB57-4455-A2FD-2A9D7543753D}.Debug Log|Any CPU.Build.0 = Debug Log|Any CPU
		{2F1EEA54-EB57-4455-A2FD-2A9D7543753D}.Debug|Any CPU.ActiveCfg = Debug|Any CPU
		{2F1EEA54-EB57-4455-A2FD-2A9D7543753D}.Debug|Any CPU.Build.0 = Debug|Any CPU
		{2F1EEA54-EB57-4455-A2FD-2A9D7543753D}.Release|Any CPU.ActiveCfg = Release|Any CPU
		{2F1EEA54-EB57-4455-A2FD-2A9D7543753D}.Release|Any CPU.Build.0 = Release|Any CPU
		{A5A55860-D4C1-4369-B652-0B1F3AA47FCE}.Debug Log|Any CPU.ActiveCfg = Debug Log|Any CPU
		{A5A55860-D4C1-4369-B652-0B1F3AA47FCE}.Debug Log|Any CPU.Build.0 = Debug Log|Any CPU
		{A5A55860-D4C1-4369-B652-0B1F3AA47FCE}.Debug|Any CPU.ActiveCfg = Debug|Any CPU
		{A5A55860-D4C1-4369-B652-0B1F3AA47FCE}.Debug|Any CPU.Build.0 = Debug|Any CPU
		{A5A55860-D4C1-4369-B652-0B1F3AA47FCE}.Release|Any CPU.ActiveCfg = Release|Any CPU
		{A5A55860-D4C1-4369-B652-0B1F3AA47FCE}.Release|Any CPU.Build.0 = Release|Any CPU
	EndGlobalSection
	GlobalSection(SolutionProperties) = preSolution
		HideSolutionNode = FALSE
	EndGlobalSection
	GlobalSection(ExtensibilityGlobals) = postSolution
		SolutionGuid = {62136D3C-0671-4501-984F-FC00C9C22B4F}
	EndGlobalSection
EndGlobal
